<?xml version="1.0" encoding="UTF-8"?>
<Project ToolsVersion="15.0" xmlns="http://schemas.microsoft.com/developer/msbuild/2003">
  <ItemGroup>
    <ClCompile Include="C:\Users\KSeam\Documents\Courses\UBCO\Year 4\COSC 499\Capstone3DModelling\Examples\stl-example\ReadSTL.cxx">
      <Filter>Source Files</Filter>
    </ClCompile>
    <ClCompile Include="C:\Users\KSeam\Documents\Courses\UBCO\Year 4\COSC 499\Capstone3DModelling\Examples\stl-example\VTK.cpp">
      <Filter>Source Files</Filter>
    </ClCompile>
    <ClCompile Include="C:\Users\KSeam\Documents\Courses\UBCO\Year 4\COSC 499\Capstone3DModelling\Examples\stl-example\fileDialogue.cpp">
      <Filter>Source Files</Filter>
    </ClCompile>
  </ItemGroup>
  <ItemGroup>
    <ClInclude Include="C:\Users\KSeam\Documents\Courses\UBCO\Year 4\COSC 499\Capstone3DModelling\Examples\stl-example\VTK.h">
      <Filter>Header Files</Filter>
    </ClInclude>
    <ClInclude Include="C:\Users\KSeam\Documents\Courses\UBCO\Year 4\COSC 499\Capstone3DModelling\Examples\stl-example\fileDialogue.h">
      <Filter>Header Files</Filter>
    </ClInclude>
  </ItemGroup>
  <ItemGroup>
    <CustomBuild Include="C:\Users\KSeam\Documents\Courses\UBCO\Year 4\COSC 499\Capstone3DModelling\Examples\stl-example\CMakeLists.txt" />
  </ItemGroup>
  <ItemGroup>
    <Filter Include="Source Files">
      <UniqueIdentifier>{99780792-8EF5-3253-8822-CAFDAFD1837B}</UniqueIdentifier>
    </Filter>
    <Filter Include="Header Files">
      <UniqueIdentifier>{B5B2FE6D-C214-3BEF-91A0-298E907C85B8}</UniqueIdentifier>
    </Filter>
  </ItemGroup>
</Project>
