<?xml version="1.0" encoding="UTF-8"?>
<Project ToolsVersion="15.0" xmlns="http://schemas.microsoft.com/developer/msbuild/2003">
  <ItemGroup>
    <ClCompile Include="C:\Users\KSeam\Documents\Courses\UBCO\Year 4\COSC 499\Capstone3DModelling\Examples\stl-example\ReadSTL.cxx">
      <Filter>Source Files</Filter>
    </ClCompile>
  </ItemGroup>
  <ItemGroup>
    <CustomBuild Include="C:\Users\KSeam\Documents\Courses\UBCO\Year 4\COSC 499\Capstone3DModelling\Examples\stl-example\CMakeLists.txt" />
  </ItemGroup>
  <ItemGroup>
    <Filter Include="Source Files">
      <UniqueIdentifier>{99780792-8EF5-3253-8822-CAFDAFD1837B}</UniqueIdentifier>
    </Filter>
  </ItemGroup>
</Project>
