<?xml version="1.0" encoding="UTF-8"?>
<Project ToolsVersion="15.0" xmlns="http://schemas.microsoft.com/developer/msbuild/2003">
  <ItemGroup>
    <ClCompile Include="C:\Users\KSeam\Documents\Courses\UBCO\Year 4\COSC 499\Capstone3DModelling\Examples\vtk-example\Cylinder.cpp">
      <Filter>Source Files</Filter>
    </ClCompile>
  </ItemGroup>
  <ItemGroup>
    <CustomBuild Include="C:\Users\KSeam\Documents\Courses\UBCO\Year 4\COSC 499\Capstone3DModelling\Examples\vtk-example\CMakeLists.txt" />
  </ItemGroup>
  <ItemGroup>
    <Filter Include="Source Files">
      <UniqueIdentifier>{D8D1B2DF-9331-36ED-B8DB-EA458FC6102D}</UniqueIdentifier>
    </Filter>
  </ItemGroup>
</Project>
