Microsoft Visual Studio Solution File, Format Version 12.00
# Visual Studio 15
Project("{8BC9CEB8-8B4A-11D0-8D11-00A0C91BC942}") = "ALL_BUILD", "ALL_BUILD.vcxproj", "{B1EA16A5-8AE1-306A-AA72-4114D693D6DB}"
	ProjectSection(ProjectDependencies) = postProject
		{28B172CD-AC8D-3230-8508-8E1B6B8B0315} = {28B172CD-AC8D-3230-8508-8E1B6B8B0315}
		{97A8E50C-611A-392C-95F7-AF619E81BF68} = {97A8E50C-611A-392C-95F7-AF619E81BF68}
	EndProjectSection
EndProject
Project("{8BC9CEB8-8B4A-11D0-8D11-00A0C91BC942}") = "Cylinder", "Cylinder.vcxproj", "{28B172CD-AC8D-3230-8508-8E1B6B8B0315}"
	ProjectSection(ProjectDependencies) = postProject
		{97A8E50C-611A-392C-95F7-AF619E81BF68} = {97A8E50C-611A-392C-95F7-AF619E81BF68}
	EndProjectSection
EndProject
Project("{8BC9CEB8-8B4A-11D0-8D11-00A0C91BC942}") = "ZERO_CHECK", "ZERO_CHECK.vcxproj", "{97A8E50C-611A-392C-95F7-AF619E81BF68}"
	ProjectSection(ProjectDependencies) = postProject
	EndProjectSection
EndProject
Global
	GlobalSection(SolutionConfigurationPlatforms) = preSolution
		Debug|Win32 = Debug|Win32
		Release|Win32 = Release|Win32
		MinSizeRel|Win32 = MinSizeRel|Win32
		RelWithDebInfo|Win32 = RelWithDebInfo|Win32
	EndGlobalSection
	GlobalSection(ProjectConfigurationPlatforms) = postSolution
		{B1EA16A5-8AE1-306A-AA72-4114D693D6DB}.Debug|Win32.ActiveCfg = Debug|Win32
		{B1EA16A5-8AE1-306A-AA72-4114D693D6DB}.Release|Win32.ActiveCfg = Release|Win32
		{B1EA16A5-8AE1-306A-AA72-4114D693D6DB}.MinSizeRel|Win32.ActiveCfg = MinSizeRel|Win32
		{B1EA16A5-8AE1-306A-AA72-4114D693D6DB}.RelWithDebInfo|Win32.ActiveCfg = RelWithDebInfo|Win32
		{28B172CD-AC8D-3230-8508-8E1B6B8B0315}.Debug|Win32.ActiveCfg = Debug|Win32
		{28B172CD-AC8D-3230-8508-8E1B6B8B0315}.Debug|Win32.Build.0 = Debug|Win32
		{28B172CD-AC8D-3230-8508-8E1B6B8B0315}.Release|Win32.ActiveCfg = Release|Win32
		{28B172CD-AC8D-3230-8508-8E1B6B8B0315}.Release|Win32.Build.0 = Release|Win32
		{28B172CD-AC8D-3230-8508-8E1B6B8B0315}.MinSizeRel|Win32.ActiveCfg = MinSizeRel|Win32
		{28B172CD-AC8D-3230-8508-8E1B6B8B0315}.MinSizeRel|Win32.Build.0 = MinSizeRel|Win32
		{28B172CD-AC8D-3230-8508-8E1B6B8B0315}.RelWithDebInfo|Win32.ActiveCfg = RelWithDebInfo|Win32
		{28B172CD-AC8D-3230-8508-8E1B6B8B0315}.RelWithDebInfo|Win32.Build.0 = RelWithDebInfo|Win32
		{97A8E50C-611A-392C-95F7-AF619E81BF68}.Debug|Win32.ActiveCfg = Debug|Win32
		{97A8E50C-611A-392C-95F7-AF619E81BF68}.Debug|Win32.Build.0 = Debug|Win32
		{97A8E50C-611A-392C-95F7-AF619E81BF68}.Release|Win32.ActiveCfg = Release|Win32
		{97A8E50C-611A-392C-95F7-AF619E81BF68}.Release|Win32.Build.0 = Release|Win32
		{97A8E50C-611A-392C-95F7-AF619E81BF68}.MinSizeRel|Win32.ActiveCfg = MinSizeRel|Win32
		{97A8E50C-611A-392C-95F7-AF619E81BF68}.MinSizeRel|Win32.Build.0 = MinSizeRel|Win32
		{97A8E50C-611A-392C-95F7-AF619E81BF68}.RelWithDebInfo|Win32.ActiveCfg = RelWithDebInfo|Win32
		{97A8E50C-611A-392C-95F7-AF619E81BF68}.RelWithDebInfo|Win32.Build.0 = RelWithDebInfo|Win32
	EndGlobalSection
	GlobalSection(ExtensibilityGlobals) = postSolution
		SolutionGuid = {F4FE4A9E-6783-30D7-928D-9D92EA928912}
	EndGlobalSection
	GlobalSection(ExtensibilityAddIns) = postSolution
	EndGlobalSection
EndGlobal
