<?xml version="1.0" encoding="UTF-8"?>
<Project ToolsVersion="15.0" xmlns="http://schemas.microsoft.com/developer/msbuild/2003">
  <ItemGroup>
    <CustomBuild Include="C:\Users\KSeam\Documents\Courses\UBCO\Year 4\COSC 499\Capstone3DModelling\Examples\vtk-example\Cylinder-bin\CMakeFiles\bfcd2d80508824d4f4898fe0291d7978\generate.stamp.rule">
      <Filter>CMake Rules</Filter>
    </CustomBuild>
  </ItemGroup>
  <ItemGroup>
    <Filter Include="CMake Rules">
      <UniqueIdentifier>{269C10CE-82B3-3E63-911D-46071A2EBCBB}</UniqueIdentifier>
    </Filter>
  </ItemGroup>
</Project>
