Microsoft Visual Studio Solution File, Format Version 12.00
# Visual Studio 15
Project("{8BC9CEB8-8B4A-11D0-8D11-00A0C91BC942}") = "ALL_BUILD", "ALL_BUILD.vcxproj", "{F341CEC9-8A40-38B5-BC86-180966A1D895}"
	ProjectSection(ProjectDependencies) = postProject
		{92083C3A-3F1A-37D2-8A95-79FC6DBA8F10} = {92083C3A-3F1A-37D2-8A95-79FC6DBA8F10}
		{C1AA5510-C98D-32F0-8B51-051B3458C5B9} = {C1AA5510-C98D-32F0-8B51-051B3458C5B9}
	EndProjectSection
EndProject
Project("{8BC9CEB8-8B4A-11D0-8D11-00A0C91BC942}") = "Comparisoft", "Comparisoft.vcxproj", "{92083C3A-3F1A-37D2-8A95-79FC6DBA8F10}"
	ProjectSection(ProjectDependencies) = postProject
		{C1AA5510-C98D-32F0-8B51-051B3458C5B9} = {C1AA5510-C98D-32F0-8B51-051B3458C5B9}
	EndProjectSection
EndProject
Project("{8BC9CEB8-8B4A-11D0-8D11-00A0C91BC942}") = "ZERO_CHECK", "ZERO_CHECK.vcxproj", "{C1AA5510-C98D-32F0-8B51-051B3458C5B9}"
	ProjectSection(ProjectDependencies) = postProject
	EndProjectSection
EndProject
Global
	GlobalSection(SolutionConfigurationPlatforms) = preSolution
		Debug|Win32 = Debug|Win32
		Release|Win32 = Release|Win32
		MinSizeRel|Win32 = MinSizeRel|Win32
		RelWithDebInfo|Win32 = RelWithDebInfo|Win32
	EndGlobalSection
	GlobalSection(ProjectConfigurationPlatforms) = postSolution
		{F341CEC9-8A40-38B5-BC86-180966A1D895}.Debug|Win32.ActiveCfg = Debug|Win32
		{F341CEC9-8A40-38B5-BC86-180966A1D895}.Release|Win32.ActiveCfg = Release|Win32
		{F341CEC9-8A40-38B5-BC86-180966A1D895}.MinSizeRel|Win32.ActiveCfg = MinSizeRel|Win32
		{F341CEC9-8A40-38B5-BC86-180966A1D895}.RelWithDebInfo|Win32.ActiveCfg = RelWithDebInfo|Win32
		{92083C3A-3F1A-37D2-8A95-79FC6DBA8F10}.Debug|Win32.ActiveCfg = Debug|Win32
		{92083C3A-3F1A-37D2-8A95-79FC6DBA8F10}.Debug|Win32.Build.0 = Debug|Win32
		{92083C3A-3F1A-37D2-8A95-79FC6DBA8F10}.Release|Win32.ActiveCfg = Release|Win32
		{92083C3A-3F1A-37D2-8A95-79FC6DBA8F10}.Release|Win32.Build.0 = Release|Win32
		{92083C3A-3F1A-37D2-8A95-79FC6DBA8F10}.MinSizeRel|Win32.ActiveCfg = MinSizeRel|Win32
		{92083C3A-3F1A-37D2-8A95-79FC6DBA8F10}.MinSizeRel|Win32.Build.0 = MinSizeRel|Win32
		{92083C3A-3F1A-37D2-8A95-79FC6DBA8F10}.RelWithDebInfo|Win32.ActiveCfg = RelWithDebInfo|Win32
		{92083C3A-3F1A-37D2-8A95-79FC6DBA8F10}.RelWithDebInfo|Win32.Build.0 = RelWithDebInfo|Win32
		{C1AA5510-C98D-32F0-8B51-051B3458C5B9}.Debug|Win32.ActiveCfg = Debug|Win32
		{C1AA5510-C98D-32F0-8B51-051B3458C5B9}.Debug|Win32.Build.0 = Debug|Win32
		{C1AA5510-C98D-32F0-8B51-051B3458C5B9}.Release|Win32.ActiveCfg = Release|Win32
		{C1AA5510-C98D-32F0-8B51-051B3458C5B9}.Release|Win32.Build.0 = Release|Win32
		{C1AA5510-C98D-32F0-8B51-051B3458C5B9}.MinSizeRel|Win32.ActiveCfg = MinSizeRel|Win32
		{C1AA5510-C98D-32F0-8B51-051B3458C5B9}.MinSizeRel|Win32.Build.0 = MinSizeRel|Win32
		{C1AA5510-C98D-32F0-8B51-051B3458C5B9}.RelWithDebInfo|Win32.ActiveCfg = RelWithDebInfo|Win32
		{C1AA5510-C98D-32F0-8B51-051B3458C5B9}.RelWithDebInfo|Win32.Build.0 = RelWithDebInfo|Win32
	EndGlobalSection
	GlobalSection(ExtensibilityGlobals) = postSolution
		SolutionGuid = {12D90900-18CE-3E0C-AAC9-EAC3164B7174}
	EndGlobalSection
	GlobalSection(ExtensibilityAddIns) = postSolution
	EndGlobalSection
EndGlobal
