<?xml version="1.0" encoding="utf-8"?>
<Project ToolsVersion="15.0" xmlns="http://schemas.microsoft.com/developer/msbuild/2003">
  <ItemGroup>
    <ClCompile Include="C:\Users\KSeam\Documents\Courses\UBCO\Year 4\COSC 499\Capstone3DModelling\Comparisoft\VTK\VSVTK.cxx">
      <Filter>Source Files</Filter>
    </ClCompile>
    <ClCompile Include="C:\Users\KSeam\Documents\Courses\UBCO\Year 4\COSC 499\Capstone3DModelling\Comparisoft\VTK\VTK.cpp">
      <Filter>Source Files</Filter>
    </ClCompile>
    <ClCompile Include="C:\Users\KSeam\Documents\Courses\UBCO\Year 4\COSC 499\Capstone3DModelling\Comparisoft\VTK\PointSelection.cpp">
      <Filter>Source Files</Filter>
    </ClCompile>
    <ClCompile Include="..\Align.cpp">
      <Filter>Source Files</Filter>
    </ClCompile>
  </ItemGroup>
  <ItemGroup>
    <ClInclude Include="C:\Users\KSeam\Documents\Courses\UBCO\Year 4\COSC 499\Capstone3DModelling\Comparisoft\VTK\VTK.h">
      <Filter>Header Files</Filter>
    </ClInclude>
    <ClInclude Include="C:\Users\KSeam\Documents\Courses\UBCO\Year 4\COSC 499\Capstone3DModelling\Comparisoft\VTK\PointSelection.h">
      <Filter>Header Files</Filter>
    </ClInclude>
    <ClInclude Include="..\Align.h">
      <Filter>Header Files</Filter>
    </ClInclude>
  </ItemGroup>
  <ItemGroup>
    <CustomBuild Include="C:\Users\KSeam\Documents\Courses\UBCO\Year 4\COSC 499\Capstone3DModelling\Comparisoft\VTK\CMakeLists.txt" />
  </ItemGroup>
  <ItemGroup>
    <Filter Include="Source Files">
      <UniqueIdentifier>{A46ECB5D-0E0C-3486-BA99-6DF7A15C8592}</UniqueIdentifier>
    </Filter>
    <Filter Include="Header Files">
      <UniqueIdentifier>{8034F959-A576-3237-AF62-36248B6558E0}</UniqueIdentifier>
    </Filter>
  </ItemGroup>
</Project>